
Microsoft Visual Studio Solution File, Format Version 12.00
# Visual Studio Version 16
VisualStudioVersion = 16.0.31702.278
MinimumVisualStudioVersion = 10.0.40219.1
Project("{8BC9CEB8-8B4A-11D0-8D11-00A0C91BC942}") = "NemoMusicPlayer", "NemoMusicPlayer.vcxproj", "{605CB395-8C04-4AB3-A3A8-1F22B2F66F22}"
EndProject
Global
	GlobalSection(SolutionConfigurationPlatforms) = preSolution
		Debug|x64 = Debug|x64
		Release|x64 = Release|x64
	EndGlobalSection
	GlobalSection(ProjectConfigurationPlatforms) = postSolution
		{605CB395-8C04-4AB3-A3A8-1F22B2F66F22}.Debug|x64.ActiveCfg = Debug|x64
		{605CB395-8C04-4AB3-A3A8-1F22B2F66F22}.Debug|x64.Build.0 = Debug|x64
		{605CB395-8C04-4AB3-A3A8-1F22B2F66F22}.Release|x64.ActiveCfg = Release|x64
		{605CB395-8C04-4AB3-A3A8-1F22B2F66F22}.Release|x64.Build.0 = Release|x64
	EndGlobalSection
	GlobalSection(SolutionProperties) = preSolution
		HideSolutionNode = FALSE
	EndGlobalSection
	GlobalSection(ExtensibilityGlobals) = postSolution
		SolutionGuid = {2144E627-306A-4F66-B3D5-BC61C786EAA5}
	EndGlobalSection
EndGlobal
